{
    "_readme": [
        "This file locks the dependencies of your project to a known state",
        "Read more about it at https://getcomposer.org/doc/01-basic-usage.md#composer-lock-the-lock-file",
        "This file is @generated automatically"
    ],
    "hash": "a6b4972acbc03f2cfa9de7e4e4aaa2b4",
    "packages": [
        {
            "name": "nitroxy/php-forms",
            "version": "v1.0.1",
            "source": {
                "type": "git",
                "url": "https://github.com/NitroXy/php-forms.git",
                "reference": "ba6a36a2f793e3b2769f41264f201e88867a0265"
            },
            "dist": {
                "type": "zip",
                "url": "https://api.github.com/repos/NitroXy/php-forms/zipball/ba6a36a2f793e3b2769f41264f201e88867a0265",
                "reference": "ba6a36a2f793e3b2769f41264f201e88867a0265",
                "shasum": ""
            },
            "require": {
                "php": ">=5.4.0"
            },
            "require-dev": {
                "easybook/geshi": "~1.0",
                "phpunit/phpunit": "4.6.*"
            },
            "type": "library",
            "autoload": {
                "psr-4": {
                    "NitroXy\\PHPForms\\": [
                        "src/",
                        "src/lib/"
                    ]
                }
            },
            "notification-url": "https://packagist.org/downloads/",
            "license": [
                "BSD-3-Clause"
            ],
            "authors": [
                {
                    "name": "David Sveningsson",
                    "email": "ext@nitroxy.com"
                },
                {
                    "name": "Andreas Tarandi",
                    "email": "torandi@nitroxy.com"
                }
            ],
            "description": "Form builder",
            "time": "2015-10-11 01:46:10"
        }
    ],
    "packages-dev": [],
    "aliases": [],
    "minimum-stability": "stable",
    "stability-flags": [],
    "prefer-stable": false,
    "prefer-lowest": false,
    "platform": [],
    "platform-dev": []
}
