{
    "_readme": [
        "This file locks the dependencies of your project to a known state",
        "Read more about it at https://getcomposer.org/doc/01-basic-usage.md#composer-lock-the-lock-file",
        "This file is @generated automatically"
    ],
    "hash": "ad105669b2bb6f76a057622b3214a796",
    "content-hash": "ed7d3823d5e8d6e33c18591a16cbd458",
    "packages": [
        {
            "name": "nitroxy/php-forms",
            "version": "dev-master",
            "source": {
                "type": "git",
                "url": "https://github.com/NitroXy/php-forms.git",
                "reference": "35a110709eff12c10e529b5e4fbc6f4d21340a75"
            },
            "dist": {
                "type": "zip",
                "url": "https://api.github.com/repos/NitroXy/php-forms/zipball/35a110709eff12c10e529b5e4fbc6f4d21340a75",
                "reference": "35a110709eff12c10e529b5e4fbc6f4d21340a75",
                "shasum": ""
            },
            "require": {
                "php": ">=5.4.0"
            },
            "require-dev": {
                "easybook/geshi": "~1.0",
                "phpunit/phpunit": "4.6.*"
            },
            "type": "library",
            "autoload": {
                "psr-4": {
                    "NitroXy\\PHPForms\\": [
                        "src/",
                        "src/lib/"
                    ]
                }
            },
            "notification-url": "https://packagist.org/downloads/",
            "license": [
                "BSD-3-Clause"
            ],
            "authors": [
                {
                    "name": "David Sveningsson",
                    "email": "ext@nitroxy.com"
                },
                {
                    "name": "Andreas Tarandi",
                    "email": "torandi@nitroxy.com"
                }
            ],
            "description": "Form builder",
            "time": "2015-10-10 21:46:18"
        }
    ],
    "packages-dev": [],
    "aliases": [],
    "minimum-stability": "stable",
    "stability-flags": {
        "nitroxy/php-forms": 20
    },
    "prefer-stable": false,
    "prefer-lowest": false,
    "platform": [],
    "platform-dev": []
}
