{
    "_readme": [
        "This file locks the dependencies of your project to a known state",
        "Read more about it at https://getcomposer.org/doc/01-basic-usage.md#composer-lock-the-lock-file",
        "This file is @generated automatically"
    ],
    "hash": "479d4045f2cc55a2e95bd58bd82792de",
    "content-hash": "98ab89a085f8bfa465cabac4191a7e05",
    "packages": [
        {
            "name": "nitroxy/php-forms",
            "version": "dev-master",
            "source": {
                "type": "git",
                "url": "https://github.com/NitroXy/php-forms.git",
                "reference": "e0c4b588be94034a6351bf3bf96788914f62f8c2"
            },
            "dist": {
                "type": "zip",
                "url": "https://api.github.com/repos/NitroXy/php-forms/zipball/e492a42b869c6c3119d038528848f0a0559b65e8",
                "reference": "e0c4b588be94034a6351bf3bf96788914f62f8c2",
                "shasum": ""
            },
            "require": {
                "php": ">=5.4.0"
            },
            "require-dev": {
                "easybook/geshi": "~1.0",
                "phpunit/phpunit": "4.6.*"
            },
            "type": "library",
            "autoload": {
                "psr-4": {
                    "NitroXy\\PHPForms\\": [
                        "src/",
                        "src/lib/"
                    ]
                }
            },
            "notification-url": "https://packagist.org/downloads/",
            "license": [
                "BSD-3-Clause"
            ],
            "authors": [
                {
                    "name": "David Sveningsson",
                    "email": "ext@nitroxy.com"
                },
                {
                    "name": "Andreas Tarandi",
                    "email": "torandi@nitroxy.com"
                }
            ],
            "description": "Form builder",
            "time": "2015-10-11 01:05:04"
        }
    ],
    "packages-dev": [],
    "aliases": [],
    "minimum-stability": "stable",
    "stability-flags": {
        "nitroxy/php-forms": 20
    },
    "prefer-stable": false,
    "prefer-lowest": false,
    "platform": [],
    "platform-dev": []
}
